
Microsoft Visual Studio Solution File, Format Version 12.00
# Visual Studio 14
VisualStudioVersion = 14.0.25420.1
MinimumVisualStudioVersion = 10.0.40219.1
Project("{8BB2217D-0F2D-49D1-97BC-3654ED321F3B}") = "PingService", "PingService\PingService.xproj", "{1233807A-01D0-4264-BF73-39BDBD26B355}"
EndProject
Project("{8BB2217D-0F2D-49D1-97BC-3654ED321F3B}") = "PongService", "PongService\PongService.xproj", "{55E06CD1-A5F6-48F2-965B-FE0FCA4FB093}"
EndProject
Project("{8BB2217D-0F2D-49D1-97BC-3654ED321F3B}") = "PingApi", "PingApi\PingApi.xproj", "{00A23485-03F0-47CF-ADC0-BD25C17E7F3B}"
EndProject
Project("{8BB2217D-0F2D-49D1-97BC-3654ED321F3B}") = "PongApi", "PongApi\PongApi.xproj", "{B042CB40-4391-4033-BE1F-5A7B2343D541}"
EndProject
Project("{FAE04EC0-301F-11D3-BF4B-00C04F79EFBC}") = "WebApp", "WebApp\WebApp.csproj", "{17F38D1A-C2A9-4F47-9E5B-A4EC3E262A23}"
EndProject
Project("{FAE04EC0-301F-11D3-BF4B-00C04F79EFBC}") = "PingMessages", "PingMessages\PingMessages.csproj", "{740DE886-24D7-4D12-9E27-4C25D73D7275}"
EndProject
Project("{FAE04EC0-301F-11D3-BF4B-00C04F79EFBC}") = "PongMessages", "PongMessages\PongMessages.csproj", "{6D972673-8508-48A3-95FE-490EB7CFBDA8}"
EndProject
Project("{FAE04EC0-301F-11D3-BF4B-00C04F79EFBC}") = "SharedKernel", "SharedKernel\SharedKernel.csproj", "{FB2582B9-253D-4C7D-A7C4-5567EB402B1B}"
EndProject
Project("{2150E333-8FDC-42A3-9474-1A3956D46DE8}") = "lib", "lib", "{FC6F3B17-D18C-4A27-B9A1-3B8EC62BC56B}"
EndProject
Project("{2150E333-8FDC-42A3-9474-1A3956D46DE8}") = "api", "api", "{46DE576A-0561-4023-AF01-D8ABE1F2BB0F}"
EndProject
Project("{2150E333-8FDC-42A3-9474-1A3956D46DE8}") = "svc", "svc", "{AC4CE68F-5D54-4741-8B38-4607B3F6FA4D}"
EndProject
Project("{2150E333-8FDC-42A3-9474-1A3956D46DE8}") = "_build", "_build", "{E0AAE3C7-15D2-4EFC-B96A-94E8A427C07D}"
	ProjectSection(SolutionItems) = preProject
		hcf-push.ps1 = hcf-push.ps1
		pcf-createServices.ps1 = pcf-createServices.ps1
		pcf-push.ps1 = pcf-push.ps1
		publish.ps1 = publish.ps1
	EndProjectSection
EndProject
Global
	GlobalSection(SolutionConfigurationPlatforms) = preSolution
		Debug|Any CPU = Debug|Any CPU
		Release|Any CPU = Release|Any CPU
	EndGlobalSection
	GlobalSection(ProjectConfigurationPlatforms) = postSolution
		{1233807A-01D0-4264-BF73-39BDBD26B355}.Debug|Any CPU.ActiveCfg = Debug|Any CPU
		{1233807A-01D0-4264-BF73-39BDBD26B355}.Debug|Any CPU.Build.0 = Debug|Any CPU
		{1233807A-01D0-4264-BF73-39BDBD26B355}.Release|Any CPU.ActiveCfg = Release|Any CPU
		{1233807A-01D0-4264-BF73-39BDBD26B355}.Release|Any CPU.Build.0 = Release|Any CPU
		{55E06CD1-A5F6-48F2-965B-FE0FCA4FB093}.Debug|Any CPU.ActiveCfg = Debug|Any CPU
		{55E06CD1-A5F6-48F2-965B-FE0FCA4FB093}.Debug|Any CPU.Build.0 = Debug|Any CPU
		{55E06CD1-A5F6-48F2-965B-FE0FCA4FB093}.Release|Any CPU.ActiveCfg = Release|Any CPU
		{55E06CD1-A5F6-48F2-965B-FE0FCA4FB093}.Release|Any CPU.Build.0 = Release|Any CPU
		{00A23485-03F0-47CF-ADC0-BD25C17E7F3B}.Debug|Any CPU.ActiveCfg = Debug|Any CPU
		{00A23485-03F0-47CF-ADC0-BD25C17E7F3B}.Debug|Any CPU.Build.0 = Debug|Any CPU
		{00A23485-03F0-47CF-ADC0-BD25C17E7F3B}.Release|Any CPU.ActiveCfg = Release|Any CPU
		{00A23485-03F0-47CF-ADC0-BD25C17E7F3B}.Release|Any CPU.Build.0 = Release|Any CPU
		{B042CB40-4391-4033-BE1F-5A7B2343D541}.Debug|Any CPU.ActiveCfg = Debug|Any CPU
		{B042CB40-4391-4033-BE1F-5A7B2343D541}.Debug|Any CPU.Build.0 = Debug|Any CPU
		{B042CB40-4391-4033-BE1F-5A7B2343D541}.Release|Any CPU.ActiveCfg = Release|Any CPU
		{B042CB40-4391-4033-BE1F-5A7B2343D541}.Release|Any CPU.Build.0 = Release|Any CPU
		{17F38D1A-C2A9-4F47-9E5B-A4EC3E262A23}.Debug|Any CPU.ActiveCfg = Debug|Any CPU
		{17F38D1A-C2A9-4F47-9E5B-A4EC3E262A23}.Debug|Any CPU.Build.0 = Debug|Any CPU
		{17F38D1A-C2A9-4F47-9E5B-A4EC3E262A23}.Release|Any CPU.ActiveCfg = Release|Any CPU
		{17F38D1A-C2A9-4F47-9E5B-A4EC3E262A23}.Release|Any CPU.Build.0 = Release|Any CPU
		{740DE886-24D7-4D12-9E27-4C25D73D7275}.Debug|Any CPU.ActiveCfg = Debug|Any CPU
		{740DE886-24D7-4D12-9E27-4C25D73D7275}.Debug|Any CPU.Build.0 = Debug|Any CPU
		{740DE886-24D7-4D12-9E27-4C25D73D7275}.Release|Any CPU.ActiveCfg = Release|Any CPU
		{740DE886-24D7-4D12-9E27-4C25D73D7275}.Release|Any CPU.Build.0 = Release|Any CPU
		{6D972673-8508-48A3-95FE-490EB7CFBDA8}.Debug|Any CPU.ActiveCfg = Debug|Any CPU
		{6D972673-8508-48A3-95FE-490EB7CFBDA8}.Debug|Any CPU.Build.0 = Debug|Any CPU
		{6D972673-8508-48A3-95FE-490EB7CFBDA8}.Release|Any CPU.ActiveCfg = Release|Any CPU
		{6D972673-8508-48A3-95FE-490EB7CFBDA8}.Release|Any CPU.Build.0 = Release|Any CPU
		{FB2582B9-253D-4C7D-A7C4-5567EB402B1B}.Debug|Any CPU.ActiveCfg = Debug|Any CPU
		{FB2582B9-253D-4C7D-A7C4-5567EB402B1B}.Debug|Any CPU.Build.0 = Debug|Any CPU
		{FB2582B9-253D-4C7D-A7C4-5567EB402B1B}.Release|Any CPU.ActiveCfg = Release|Any CPU
		{FB2582B9-253D-4C7D-A7C4-5567EB402B1B}.Release|Any CPU.Build.0 = Release|Any CPU
	EndGlobalSection
	GlobalSection(SolutionProperties) = preSolution
		HideSolutionNode = FALSE
	EndGlobalSection
	GlobalSection(NestedProjects) = preSolution
		{1233807A-01D0-4264-BF73-39BDBD26B355} = {AC4CE68F-5D54-4741-8B38-4607B3F6FA4D}
		{55E06CD1-A5F6-48F2-965B-FE0FCA4FB093} = {AC4CE68F-5D54-4741-8B38-4607B3F6FA4D}
		{00A23485-03F0-47CF-ADC0-BD25C17E7F3B} = {46DE576A-0561-4023-AF01-D8ABE1F2BB0F}
		{B042CB40-4391-4033-BE1F-5A7B2343D541} = {46DE576A-0561-4023-AF01-D8ABE1F2BB0F}
		{740DE886-24D7-4D12-9E27-4C25D73D7275} = {FC6F3B17-D18C-4A27-B9A1-3B8EC62BC56B}
		{6D972673-8508-48A3-95FE-490EB7CFBDA8} = {FC6F3B17-D18C-4A27-B9A1-3B8EC62BC56B}
		{FB2582B9-253D-4C7D-A7C4-5567EB402B1B} = {FC6F3B17-D18C-4A27-B9A1-3B8EC62BC56B}
	EndGlobalSection
EndGlobal
